
Microsoft Visual Studio Solution File, Format Version 12.00
# Visual Studio Version 17
VisualStudioVersion = 17.4.33213.308
MinimumVisualStudioVersion = 10.0.40219.1
Project("{9A19103F-16F7-4668-BE54-9A1E7A4F7556}") = "TarefaAula3", "TarefaAula3\TarefaAula3.csproj", "{2779D57F-526F-417C-A2E2-DB1A8EDCFC0C}"
EndProject
Project("{9A19103F-16F7-4668-BE54-9A1E7A4F7556}") = "TarefaAula3.Core", "TarefaAula3.Core\TarefaAula3.Core.csproj", "{769730BA-88A1-4F75-9FAB-B0C0A15D6D8C}"
EndProject
Project("{9A19103F-16F7-4668-BE54-9A1E7A4F7556}") = "TarefaAula3.Application", "TarefaAula3.Application\TarefaAula3.Application.csproj", "{A30E6D0F-5F8C-4262-8660-69B5AE03BB93}"
EndProject
Project("{FAE04EC0-301F-11D3-BF4B-00C04F79EFBC}") = "TarefaAula3.Repository", "TarefaAula3.Repository\TarefaAula3.Repository.csproj", "{DCE96B7F-860F-4174-A5DB-7860EE892193}"
EndProject
Global
	GlobalSection(SolutionConfigurationPlatforms) = preSolution
		Debug|Any CPU = Debug|Any CPU
		Release|Any CPU = Release|Any CPU
	EndGlobalSection
	GlobalSection(ProjectConfigurationPlatforms) = postSolution
		{2779D57F-526F-417C-A2E2-DB1A8EDCFC0C}.Debug|Any CPU.ActiveCfg = Debug|Any CPU
		{2779D57F-526F-417C-A2E2-DB1A8EDCFC0C}.Debug|Any CPU.Build.0 = Debug|Any CPU
		{2779D57F-526F-417C-A2E2-DB1A8EDCFC0C}.Release|Any CPU.ActiveCfg = Release|Any CPU
		{2779D57F-526F-417C-A2E2-DB1A8EDCFC0C}.Release|Any CPU.Build.0 = Release|Any CPU
		{769730BA-88A1-4F75-9FAB-B0C0A15D6D8C}.Debug|Any CPU.ActiveCfg = Debug|Any CPU
		{769730BA-88A1-4F75-9FAB-B0C0A15D6D8C}.Debug|Any CPU.Build.0 = Debug|Any CPU
		{769730BA-88A1-4F75-9FAB-B0C0A15D6D8C}.Release|Any CPU.ActiveCfg = Release|Any CPU
		{769730BA-88A1-4F75-9FAB-B0C0A15D6D8C}.Release|Any CPU.Build.0 = Release|Any CPU
		{A30E6D0F-5F8C-4262-8660-69B5AE03BB93}.Debug|Any CPU.ActiveCfg = Debug|Any CPU
		{A30E6D0F-5F8C-4262-8660-69B5AE03BB93}.Debug|Any CPU.Build.0 = Debug|Any CPU
		{A30E6D0F-5F8C-4262-8660-69B5AE03BB93}.Release|Any CPU.ActiveCfg = Release|Any CPU
		{A30E6D0F-5F8C-4262-8660-69B5AE03BB93}.Release|Any CPU.Build.0 = Release|Any CPU
		{DCE96B7F-860F-4174-A5DB-7860EE892193}.Debug|Any CPU.ActiveCfg = Debug|Any CPU
		{DCE96B7F-860F-4174-A5DB-7860EE892193}.Debug|Any CPU.Build.0 = Debug|Any CPU
		{DCE96B7F-860F-4174-A5DB-7860EE892193}.Release|Any CPU.ActiveCfg = Release|Any CPU
		{DCE96B7F-860F-4174-A5DB-7860EE892193}.Release|Any CPU.Build.0 = Release|Any CPU
	EndGlobalSection
	GlobalSection(SolutionProperties) = preSolution
		HideSolutionNode = FALSE
	EndGlobalSection
	GlobalSection(ExtensibilityGlobals) = postSolution
		SolutionGuid = {1A886B82-60EB-47F7-82F8-074205F80D32}
	EndGlobalSection
EndGlobal
